// !$*UTF8*$!
{
	archiveVersion = 1;
	classes = {
	};
	objectVersion = 51;
	objects = {

/* Begin PBXBuildFile section */
		17C3AE2F57675966F90264CB /* Pods_hfciPatientXTests.framework in Frameworks */ = {isa = PBXBuildFile; fileRef = 0EDEDC4CCF794DCD54EDFBD5 /* Pods_hfciPatientXTests.framework */; };
		CE2FB15726EFA7AE0040095B /* AppDelegate.swift in Sources */ = {isa = PBXBuildFile; fileRef = CE2FB15626EFA7AE0040095B /* AppDelegate.swift */; };
		CE2FB15926EFA7AE0040095B /* SceneDelegate.swift in Sources */ = {isa = PBXBuildFile; fileRef = CE2FB15826EFA7AE0040095B /* SceneDelegate.swift */; };
		CE2FB15B26EFA7AE0040095B /* ViewController.swift in Sources */ = {isa = PBXBuildFile; fileRef = CE2FB15A26EFA7AE0040095B /* ViewController.swift */; };
		CE2FB15E26EFA7AE0040095B /* Main.storyboard in Resources */ = {isa = PBXBuildFile; fileRef = CE2FB15C26EFA7AE0040095B /* Main.storyboard */; };
		CE2FB16026EFA7B20040095B /* Assets.xcassets in Resources */ = {isa = PBXBuildFile; fileRef = CE2FB15F26EFA7B20040095B /* Assets.xcassets */; };
		CE2FB16326EFA7B20040095B /* LaunchScreen.storyboard in Resources */ = {isa = PBXBuildFile; fileRef = CE2FB16126EFA7B20040095B /* LaunchScreen.storyboard */; };
		CE2FB16E26EFA7B20040095B /* hfciPatientXTests.swift in Sources */ = {isa = PBXBuildFile; fileRef = CE2FB16D26EFA7B20040095B /* hfciPatientXTests.swift */; };
		CE2FB17926EFA7B20040095B /* hfciPatientXUITests.swift in Sources */ = {isa = PBXBuildFile; fileRef = CE2FB17826EFA7B20040095B /* hfciPatientXUITests.swift */; };
		CE2FB19F26F24DA90040095B /* Poppins-SemiBoldItalic.ttf in Resources */ = {isa = PBXBuildFile; fileRef = CE2FB18D26F24DA70040095B /* Poppins-SemiBoldItalic.ttf */; };
		CE2FB1A026F24DA90040095B /* Poppins-ExtraBold.ttf in Resources */ = {isa = PBXBuildFile; fileRef = CE2FB18E26F24DA70040095B /* Poppins-ExtraBold.ttf */; };
		CE2FB1A126F24DA90040095B /* Poppins-Regular.ttf in Resources */ = {isa = PBXBuildFile; fileRef = CE2FB18F26F24DA70040095B /* Poppins-Regular.ttf */; };
		CE2FB1A226F24DA90040095B /* Poppins-ExtraLight.ttf in Resources */ = {isa = PBXBuildFile; fileRef = CE2FB19026F24DA70040095B /* Poppins-ExtraLight.ttf */; };
		CE2FB1A326F24DA90040095B /* Poppins-Medium.ttf in Resources */ = {isa = PBXBuildFile; fileRef = CE2FB19126F24DA70040095B /* Poppins-Medium.ttf */; };
		CE2FB1A426F24DA90040095B /* Poppins-LightItalic.ttf in Resources */ = {isa = PBXBuildFile; fileRef = CE2FB19226F24DA70040095B /* Poppins-LightItalic.ttf */; };
		CE2FB1A526F24DA90040095B /* Poppins-Black.ttf in Resources */ = {isa = PBXBuildFile; fileRef = CE2FB19326F24DA80040095B /* Poppins-Black.ttf */; };
		CE2FB1A626F24DA90040095B /* Poppins-Italic.ttf in Resources */ = {isa = PBXBuildFile; fileRef = CE2FB19426F24DA80040095B /* Poppins-Italic.ttf */; };
		CE2FB1A726F24DA90040095B /* Poppins-ExtraLightItalic.ttf in Resources */ = {isa = PBXBuildFile; fileRef = CE2FB19526F24DA80040095B /* Poppins-ExtraLightItalic.ttf */; };
		CE2FB1A826F24DA90040095B /* Poppins-MediumItalic.ttf in Resources */ = {isa = PBXBuildFile; fileRef = CE2FB19626F24DA80040095B /* Poppins-MediumItalic.ttf */; };
		CE2FB1A926F24DA90040095B /* Poppins-BoldItalic.ttf in Resources */ = {isa = PBXBuildFile; fileRef = CE2FB19726F24DA80040095B /* Poppins-BoldItalic.ttf */; };
		CE2FB1AA26F24DA90040095B /* Poppins-Thin.ttf in Resources */ = {isa = PBXBuildFile; fileRef = CE2FB19826F24DA80040095B /* Poppins-Thin.ttf */; };
		CE2FB1AB26F24DA90040095B /* Poppins-ExtraBoldItalic.ttf in Resources */ = {isa = PBXBuildFile; fileRef = CE2FB19926F24DA80040095B /* Poppins-ExtraBoldItalic.ttf */; };
		CE2FB1AC26F24DA90040095B /* Poppins-ThinItalic.ttf in Resources */ = {isa = PBXBuildFile; fileRef = CE2FB19A26F24DA80040095B /* Poppins-ThinItalic.ttf */; };
		CE2FB1AD26F24DA90040095B /* Poppins-Bold.ttf in Resources */ = {isa = PBXBuildFile; fileRef = CE2FB19B26F24DA90040095B /* Poppins-Bold.ttf */; };
		CE2FB1AE26F24DA90040095B /* Poppins-BlackItalic.ttf in Resources */ = {isa = PBXBuildFile; fileRef = CE2FB19C26F24DA90040095B /* Poppins-BlackItalic.ttf */; };
		CE2FB1AF26F24DA90040095B /* Poppins-Light.ttf in Resources */ = {isa = PBXBuildFile; fileRef = CE2FB19D26F24DA90040095B /* Poppins-Light.ttf */; };
		CE2FB1B026F24DA90040095B /* Poppins-SemiBold.ttf in Resources */ = {isa = PBXBuildFile; fileRef = CE2FB19E26F24DA90040095B /* Poppins-SemiBold.ttf */; };
		CE2FB1B626F252F60040095B /* LoginViewController.swift in Sources */ = {isa = PBXBuildFile; fileRef = CE2FB1B526F252F60040095B /* LoginViewController.swift */; };
		CE2FB1B826F2548D0040095B /* MenuViewController.swift in Sources */ = {isa = PBXBuildFile; fileRef = CE2FB1B726F2548D0040095B /* MenuViewController.swift */; };
		CE2FB1BA26F258620040095B /* RoundedView.swift in Sources */ = {isa = PBXBuildFile; fileRef = CE2FB1B926F258620040095B /* RoundedView.swift */; };
		EFD0D05022658A1ACBBCC7DD /* Pods_hfciPatientX.framework in Frameworks */ = {isa = PBXBuildFile; fileRef = E398D13DBED46E0F85EF18D4 /* Pods_hfciPatientX.framework */; };
		FA42B8257DCC3CF9B8835FC5 /* Pods_hfciPatientX_hfciPatientXUITests.framework in Frameworks */ = {isa = PBXBuildFile; fileRef = EE2A3C5836A8A31220FD75E0 /* Pods_hfciPatientX_hfciPatientXUITests.framework */; };
/* End PBXBuildFile section */

/* Begin PBXContainerItemProxy section */
		CE2FB16A26EFA7B20040095B /* PBXContainerItemProxy */ = {
			isa = PBXContainerItemProxy;
			containerPortal = CE2FB14B26EFA7AE0040095B /* Project object */;
			proxyType = 1;
			remoteGlobalIDString = CE2FB15226EFA7AE0040095B;
			remoteInfo = hfciPatientX;
		};
		CE2FB17526EFA7B20040095B /* PBXContainerItemProxy */ = {
			isa = PBXContainerItemProxy;
			containerPortal = CE2FB14B26EFA7AE0040095B /* Project object */;
			proxyType = 1;
			remoteGlobalIDString = CE2FB15226EFA7AE0040095B;
			remoteInfo = hfciPatientX;
		};
/* End PBXContainerItemProxy section */

/* Begin PBXFileReference section */
		0A961E7E4B54CB1E9D1D2567 /* Pods-hfciPatientXTests.debug.xcconfig */ = {isa = PBXFileReference; includeInIndex = 1; lastKnownFileType = text.xcconfig; name = "Pods-hfciPatientXTests.debug.xcconfig"; path = "Target Support Files/Pods-hfciPatientXTests/Pods-hfciPatientXTests.debug.xcconfig"; sourceTree = "<group>"; };
		0EDEDC4CCF794DCD54EDFBD5 /* Pods_hfciPatientXTests.framework */ = {isa = PBXFileReference; explicitFileType = wrapper.framework; includeInIndex = 0; path = Pods_hfciPatientXTests.framework; sourceTree = BUILT_PRODUCTS_DIR; };
		55C0DA1803196C6394E53FC4 /* Pods-hfciPatientXTests.release.xcconfig */ = {isa = PBXFileReference; includeInIndex = 1; lastKnownFileType = text.xcconfig; name = "Pods-hfciPatientXTests.release.xcconfig"; path = "Target Support Files/Pods-hfciPatientXTests/Pods-hfciPatientXTests.release.xcconfig"; sourceTree = "<group>"; };
		AA187D40183931DE99B266FC /* Pods-hfciPatientX.debug.xcconfig */ = {isa = PBXFileReference; includeInIndex = 1; lastKnownFileType = text.xcconfig; name = "Pods-hfciPatientX.debug.xcconfig"; path = "Target Support Files/Pods-hfciPatientX/Pods-hfciPatientX.debug.xcconfig"; sourceTree = "<group>"; };
		CE2FB15326EFA7AE0040095B /* hfciPatientX.app */ = {isa = PBXFileReference; explicitFileType = wrapper.application; includeInIndex = 0; path = hfciPatientX.app; sourceTree = BUILT_PRODUCTS_DIR; };
		CE2FB15626EFA7AE0040095B /* AppDelegate.swift */ = {isa = PBXFileReference; lastKnownFileType = sourcecode.swift; path = AppDelegate.swift; sourceTree = "<group>"; };
		CE2FB15826EFA7AE0040095B /* SceneDelegate.swift */ = {isa = PBXFileReference; lastKnownFileType = sourcecode.swift; path = SceneDelegate.swift; sourceTree = "<group>"; };
		CE2FB15A26EFA7AE0040095B /* ViewController.swift */ = {isa = PBXFileReference; lastKnownFileType = sourcecode.swift; path = ViewController.swift; sourceTree = "<group>"; };
		CE2FB15D26EFA7AE0040095B /* Base */ = {isa = PBXFileReference; lastKnownFileType = file.storyboard; name = Base; path = Base.lproj/Main.storyboard; sourceTree = "<group>"; };
		CE2FB15F26EFA7B20040095B /* Assets.xcassets */ = {isa = PBXFileReference; lastKnownFileType = folder.assetcatalog; path = Assets.xcassets; sourceTree = "<group>"; };
		CE2FB16226EFA7B20040095B /* Base */ = {isa = PBXFileReference; lastKnownFileType = file.storyboard; name = Base; path = Base.lproj/LaunchScreen.storyboard; sourceTree = "<group>"; };
		CE2FB16426EFA7B20040095B /* Info.plist */ = {isa = PBXFileReference; lastKnownFileType = text.plist.xml; path = Info.plist; sourceTree = "<group>"; };
		CE2FB16926EFA7B20040095B /* hfciPatientXTests.xctest */ = {isa = PBXFileReference; explicitFileType = wrapper.cfbundle; includeInIndex = 0; path = hfciPatientXTests.xctest; sourceTree = BUILT_PRODUCTS_DIR; };
		CE2FB16D26EFA7B20040095B /* hfciPatientXTests.swift */ = {isa = PBXFileReference; lastKnownFileType = sourcecode.swift; path = hfciPatientXTests.swift; sourceTree = "<group>"; };
		CE2FB16F26EFA7B20040095B /* Info.plist */ = {isa = PBXFileReference; lastKnownFileType = text.plist.xml; path = Info.plist; sourceTree = "<group>"; };
		CE2FB17426EFA7B20040095B /* hfciPatientXUITests.xctest */ = {isa = PBXFileReference; explicitFileType = wrapper.cfbundle; includeInIndex = 0; path = hfciPatientXUITests.xctest; sourceTree = BUILT_PRODUCTS_DIR; };
		CE2FB17826EFA7B20040095B /* hfciPatientXUITests.swift */ = {isa = PBXFileReference; lastKnownFileType = sourcecode.swift; path = hfciPatientXUITests.swift; sourceTree = "<group>"; };
		CE2FB17A26EFA7B20040095B /* Info.plist */ = {isa = PBXFileReference; lastKnownFileType = text.plist.xml; path = Info.plist; sourceTree = "<group>"; };
		CE2FB18D26F24DA70040095B /* Poppins-SemiBoldItalic.ttf */ = {isa = PBXFileReference; lastKnownFileType = file; path = "Poppins-SemiBoldItalic.ttf"; sourceTree = "<group>"; };
		CE2FB18E26F24DA70040095B /* Poppins-ExtraBold.ttf */ = {isa = PBXFileReference; lastKnownFileType = file; path = "Poppins-ExtraBold.ttf"; sourceTree = "<group>"; };
		CE2FB18F26F24DA70040095B /* Poppins-Regular.ttf */ = {isa = PBXFileReference; lastKnownFileType = file; path = "Poppins-Regular.ttf"; sourceTree = "<group>"; };
		CE2FB19026F24DA70040095B /* Poppins-ExtraLight.ttf */ = {isa = PBXFileReference; lastKnownFileType = file; path = "Poppins-ExtraLight.ttf"; sourceTree = "<group>"; };
		CE2FB19126F24DA70040095B /* Poppins-Medium.ttf */ = {isa = PBXFileReference; lastKnownFileType = file; path = "Poppins-Medium.ttf"; sourceTree = "<group>"; };
		CE2FB19226F24DA70040095B /* Poppins-LightItalic.ttf */ = {isa = PBXFileReference; lastKnownFileType = file; path = "Poppins-LightItalic.ttf"; sourceTree = "<group>"; };
		CE2FB19326F24DA80040095B /* Poppins-Black.ttf */ = {isa = PBXFileReference; lastKnownFileType = file; path = "Poppins-Black.ttf"; sourceTree = "<group>"; };
		CE2FB19426F24DA80040095B /* Poppins-Italic.ttf */ = {isa = PBXFileReference; lastKnownFileType = file; path = "Poppins-Italic.ttf"; sourceTree = "<group>"; };
		CE2FB19526F24DA80040095B /* Poppins-ExtraLightItalic.ttf */ = {isa = PBXFileReference; lastKnownFileType = file; path = "Poppins-ExtraLightItalic.ttf"; sourceTree = "<group>"; };
		CE2FB19626F24DA80040095B /* Poppins-MediumItalic.ttf */ = {isa = PBXFileReference; lastKnownFileType = file; path = "Poppins-MediumItalic.ttf"; sourceTree = "<group>"; };
		CE2FB19726F24DA80040095B /* Poppins-BoldItalic.ttf */ = {isa = PBXFileReference; lastKnownFileType = file; path = "Poppins-BoldItalic.ttf"; sourceTree = "<group>"; };
		CE2FB19826F24DA80040095B /* Poppins-Thin.ttf */ = {isa = PBXFileReference; lastKnownFileType = file; path = "Poppins-Thin.ttf"; sourceTree = "<group>"; };
		CE2FB19926F24DA80040095B /* Poppins-ExtraBoldItalic.ttf */ = {isa = PBXFileReference; lastKnownFileType = file; path = "Poppins-ExtraBoldItalic.ttf"; sourceTree = "<group>"; };
		CE2FB19A26F24DA80040095B /* Poppins-ThinItalic.ttf */ = {isa = PBXFileReference; lastKnownFileType = file; path = "Poppins-ThinItalic.ttf"; sourceTree = "<group>"; };
		CE2FB19B26F24DA90040095B /* Poppins-Bold.ttf */ = {isa = PBXFileReference; lastKnownFileType = file; path = "Poppins-Bold.ttf"; sourceTree = "<group>"; };
		CE2FB19C26F24DA90040095B /* Poppins-BlackItalic.ttf */ = {isa = PBXFileReference; lastKnownFileType = file; path = "Poppins-BlackItalic.ttf"; sourceTree = "<group>"; };
		CE2FB19D26F24DA90040095B /* Poppins-Light.ttf */ = {isa = PBXFileReference; lastKnownFileType = file; path = "Poppins-Light.ttf"; sourceTree = "<group>"; };
		CE2FB19E26F24DA90040095B /* Poppins-SemiBold.ttf */ = {isa = PBXFileReference; lastKnownFileType = file; path = "Poppins-SemiBold.ttf"; sourceTree = "<group>"; };
		CE2FB1B526F252F60040095B /* LoginViewController.swift */ = {isa = PBXFileReference; lastKnownFileType = sourcecode.swift; path = LoginViewController.swift; sourceTree = "<group>"; };
		CE2FB1B726F2548D0040095B /* MenuViewController.swift */ = {isa = PBXFileReference; lastKnownFileType = sourcecode.swift; path = MenuViewController.swift; sourceTree = "<group>"; };
		CE2FB1B926F258620040095B /* RoundedView.swift */ = {isa = PBXFileReference; lastKnownFileType = sourcecode.swift; path = RoundedView.swift; sourceTree = "<group>"; };
		E398D13DBED46E0F85EF18D4 /* Pods_hfciPatientX.framework */ = {isa = PBXFileReference; explicitFileType = wrapper.framework; includeInIndex = 0; path = Pods_hfciPatientX.framework; sourceTree = BUILT_PRODUCTS_DIR; };
		EE2A3C5836A8A31220FD75E0 /* Pods_hfciPatientX_hfciPatientXUITests.framework */ = {isa = PBXFileReference; explicitFileType = wrapper.framework; includeInIndex = 0; path = Pods_hfciPatientX_hfciPatientXUITests.framework; sourceTree = BUILT_PRODUCTS_DIR; };
		EF58875B3F3ABB5AF092EC59 /* Pods-hfciPatientX-hfciPatientXUITests.release.xcconfig */ = {isa = PBXFileReference; includeInIndex = 1; lastKnownFileType = text.xcconfig; name = "Pods-hfciPatientX-hfciPatientXUITests.release.xcconfig"; path = "Target Support Files/Pods-hfciPatientX-hfciPatientXUITests/Pods-hfciPatientX-hfciPatientXUITests.release.xcconfig"; sourceTree = "<group>"; };
		EFC1DCFFE6026E2E990215A1 /* Pods-hfciPatientX.release.xcconfig */ = {isa = PBXFileReference; includeInIndex = 1; lastKnownFileType = text.xcconfig; name = "Pods-hfciPatientX.release.xcconfig"; path = "Target Support Files/Pods-hfciPatientX/Pods-hfciPatientX.release.xcconfig"; sourceTree = "<group>"; };
		F108EE1C09CB045E893990BB /* Pods-hfciPatientX-hfciPatientXUITests.debug.xcconfig */ = {isa = PBXFileReference; includeInIndex = 1; lastKnownFileType = text.xcconfig; name = "Pods-hfciPatientX-hfciPatientXUITests.debug.xcconfig"; path = "Target Support Files/Pods-hfciPatientX-hfciPatientXUITests/Pods-hfciPatientX-hfciPatientXUITests.debug.xcconfig"; sourceTree = "<group>"; };
/* End PBXFileReference section */

/* Begin PBXFrameworksBuildPhase section */
		CE2FB15026EFA7AE0040095B /* Frameworks */ = {
			isa = PBXFrameworksBuildPhase;
			buildActionMask = 2147483647;
			files = (
				EFD0D05022658A1ACBBCC7DD /* Pods_hfciPatientX.framework in Frameworks */,
			);
			runOnlyForDeploymentPostprocessing = 0;
		};
		CE2FB16626EFA7B20040095B /* Frameworks */ = {
			isa = PBXFrameworksBuildPhase;
			buildActionMask = 2147483647;
			files = (
				17C3AE2F57675966F90264CB /* Pods_hfciPatientXTests.framework in Frameworks */,
			);
			runOnlyForDeploymentPostprocessing = 0;
		};
		CE2FB17126EFA7B20040095B /* Frameworks */ = {
			isa = PBXFrameworksBuildPhase;
			buildActionMask = 2147483647;
			files = (
				FA42B8257DCC3CF9B8835FC5 /* Pods_hfciPatientX_hfciPatientXUITests.framework in Frameworks */,
			);
			runOnlyForDeploymentPostprocessing = 0;
		};
/* End PBXFrameworksBuildPhase section */

/* Begin PBXGroup section */
		2438BCE33F8C9ECC6E73CE87 /* Pods */ = {
			isa = PBXGroup;
			children = (
				AA187D40183931DE99B266FC /* Pods-hfciPatientX.debug.xcconfig */,
				EFC1DCFFE6026E2E990215A1 /* Pods-hfciPatientX.release.xcconfig */,
				F108EE1C09CB045E893990BB /* Pods-hfciPatientX-hfciPatientXUITests.debug.xcconfig */,
				EF58875B3F3ABB5AF092EC59 /* Pods-hfciPatientX-hfciPatientXUITests.release.xcconfig */,
				0A961E7E4B54CB1E9D1D2567 /* Pods-hfciPatientXTests.debug.xcconfig */,
				55C0DA1803196C6394E53FC4 /* Pods-hfciPatientXTests.release.xcconfig */,
			);
			path = Pods;
			sourceTree = "<group>";
		};
		CE2FB14A26EFA7AE0040095B = {
			isa = PBXGroup;
			children = (
				CE2FB15526EFA7AE0040095B /* hfciPatientX */,
				CE2FB16C26EFA7B20040095B /* hfciPatientXTests */,
				CE2FB17726EFA7B20040095B /* hfciPatientXUITests */,
				CE2FB15426EFA7AE0040095B /* Products */,
				2438BCE33F8C9ECC6E73CE87 /* Pods */,
				F8B1C4F740556608742715AD /* Frameworks */,
			);
			sourceTree = "<group>";
		};
		CE2FB15426EFA7AE0040095B /* Products */ = {
			isa = PBXGroup;
			children = (
				CE2FB15326EFA7AE0040095B /* hfciPatientX.app */,
				CE2FB16926EFA7B20040095B /* hfciPatientXTests.xctest */,
				CE2FB17426EFA7B20040095B /* hfciPatientXUITests.xctest */,
			);
			name = Products;
			sourceTree = "<group>";
		};
		CE2FB15526EFA7AE0040095B /* hfciPatientX */ = {
			isa = PBXGroup;
			children = (
				CE2FB1B426F252D70040095B /* Controllers */,
				CE2FB18C26F24D610040095B /* Fonts */,
				CE2FB18A26EFA8A00040095B /* Helpers */,
				CE2FB18926EFA8950040095B /* ViewModels */,
				CE2FB18826EFA88C0040095B /* Views */,
				CE2FB18726EFA8850040095B /* Models */,
				CE2FB18626EFA8590040095B /* API */,
				CE2FB15626EFA7AE0040095B /* AppDelegate.swift */,
				CE2FB15826EFA7AE0040095B /* SceneDelegate.swift */,
				CE2FB15A26EFA7AE0040095B /* ViewController.swift */,
				CE2FB15C26EFA7AE0040095B /* Main.storyboard */,
				CE2FB15F26EFA7B20040095B /* Assets.xcassets */,
				CE2FB16126EFA7B20040095B /* LaunchScreen.storyboard */,
				CE2FB16426EFA7B20040095B /* Info.plist */,
			);
			path = hfciPatientX;
			sourceTree = "<group>";
		};
		CE2FB16C26EFA7B20040095B /* hfciPatientXTests */ = {
			isa = PBXGroup;
			children = (
				CE2FB16D26EFA7B20040095B /* hfciPatientXTests.swift */,
				CE2FB16F26EFA7B20040095B /* Info.plist */,
			);
			path = hfciPatientXTests;
			sourceTree = "<group>";
		};
		CE2FB17726EFA7B20040095B /* hfciPatientXUITests */ = {
			isa = PBXGroup;
			children = (
				CE2FB17826EFA7B20040095B /* hfciPatientXUITests.swift */,
				CE2FB17A26EFA7B20040095B /* Info.plist */,
			);
			path = hfciPatientXUITests;
			sourceTree = "<group>";
		};
		CE2FB18626EFA8590040095B /* API */ = {
			isa = PBXGroup;
			children = (
			);
			path = API;
			sourceTree = "<group>";
		};
		CE2FB18726EFA8850040095B /* Models */ = {
			isa = PBXGroup;
			children = (
			);
			path = Models;
			sourceTree = "<group>";
		};
		CE2FB18826EFA88C0040095B /* Views */ = {
			isa = PBXGroup;
			children = (
				CE2FB1B926F258620040095B /* RoundedView.swift */,
			);
			path = Views;
			sourceTree = "<group>";
		};
		CE2FB18926EFA8950040095B /* ViewModels */ = {
			isa = PBXGroup;
			children = (
			);
			path = ViewModels;
			sourceTree = "<group>";
		};
		CE2FB18A26EFA8A00040095B /* Helpers */ = {
			isa = PBXGroup;
			children = (
			);
			path = Helpers;
			sourceTree = "<group>";
		};
		CE2FB18C26F24D610040095B /* Fonts */ = {
			isa = PBXGroup;
			children = (
				CE2FB19326F24DA80040095B /* Poppins-Black.ttf */,
				CE2FB19C26F24DA90040095B /* Poppins-BlackItalic.ttf */,
				CE2FB19B26F24DA90040095B /* Poppins-Bold.ttf */,
				CE2FB19726F24DA80040095B /* Poppins-BoldItalic.ttf */,
				CE2FB18E26F24DA70040095B /* Poppins-ExtraBold.ttf */,
				CE2FB19926F24DA80040095B /* Poppins-ExtraBoldItalic.ttf */,
				CE2FB19026F24DA70040095B /* Poppins-ExtraLight.ttf */,
				CE2FB19526F24DA80040095B /* Poppins-ExtraLightItalic.ttf */,
				CE2FB19426F24DA80040095B /* Poppins-Italic.ttf */,
				CE2FB19D26F24DA90040095B /* Poppins-Light.ttf */,
				CE2FB19226F24DA70040095B /* Poppins-LightItalic.ttf */,
				CE2FB19126F24DA70040095B /* Poppins-Medium.ttf */,
				CE2FB19626F24DA80040095B /* Poppins-MediumItalic.ttf */,
				CE2FB18F26F24DA70040095B /* Poppins-Regular.ttf */,
				CE2FB19E26F24DA90040095B /* Poppins-SemiBold.ttf */,
				CE2FB18D26F24DA70040095B /* Poppins-SemiBoldItalic.ttf */,
				CE2FB19826F24DA80040095B /* Poppins-Thin.ttf */,
				CE2FB19A26F24DA80040095B /* Poppins-ThinItalic.ttf */,
			);
			path = Fonts;
			sourceTree = "<group>";
		};
		CE2FB1B426F252D70040095B /* Controllers */ = {
			isa = PBXGroup;
			children = (
				CE2FB1B526F252F60040095B /* LoginViewController.swift */,
				CE2FB1B726F2548D0040095B /* MenuViewController.swift */,
			);
			path = Controllers;
			sourceTree = "<group>";
		};
		F8B1C4F740556608742715AD /* Frameworks */ = {
			isa = PBXGroup;
			children = (
				E398D13DBED46E0F85EF18D4 /* Pods_hfciPatientX.framework */,
				EE2A3C5836A8A31220FD75E0 /* Pods_hfciPatientX_hfciPatientXUITests.framework */,
				0EDEDC4CCF794DCD54EDFBD5 /* Pods_hfciPatientXTests.framework */,
			);
			name = Frameworks;
			sourceTree = "<group>";
		};
/* End PBXGroup section */

/* Begin PBXNativeTarget section */
		CE2FB15226EFA7AE0040095B /* hfciPatientX */ = {
			isa = PBXNativeTarget;
			buildConfigurationList = CE2FB17D26EFA7B20040095B /* Build configuration list for PBXNativeTarget "hfciPatientX" */;
			buildPhases = (
				22E285639148195C19A2508D /* [CP] Check Pods Manifest.lock */,
				CE2FB14F26EFA7AE0040095B /* Sources */,
				CE2FB15026EFA7AE0040095B /* Frameworks */,
				CE2FB15126EFA7AE0040095B /* Resources */,
				FC169E0D428D5C428335E44E /* [CP] Embed Pods Frameworks */,
			);
			buildRules = (
			);
			dependencies = (
			);
			name = hfciPatientX;
			productName = hfciPatientX;
			productReference = CE2FB15326EFA7AE0040095B /* hfciPatientX.app */;
			productType = "com.apple.product-type.application";
		};
		CE2FB16826EFA7B20040095B /* hfciPatientXTests */ = {
			isa = PBXNativeTarget;
			buildConfigurationList = CE2FB18026EFA7B20040095B /* Build configuration list for PBXNativeTarget "hfciPatientXTests" */;
			buildPhases = (
				1695D90F4D33E9F41E62E775 /* [CP] Check Pods Manifest.lock */,
				CE2FB16526EFA7B20040095B /* Sources */,
				CE2FB16626EFA7B20040095B /* Frameworks */,
				CE2FB16726EFA7B20040095B /* Resources */,
			);
			buildRules = (
			);
			dependencies = (
				CE2FB16B26EFA7B20040095B /* PBXTargetDependency */,
			);
			name = hfciPatientXTests;
			productName = hfciPatientXTests;
			productReference = CE2FB16926EFA7B20040095B /* hfciPatientXTests.xctest */;
			productType = "com.apple.product-type.bundle.unit-test";
		};
		CE2FB17326EFA7B20040095B /* hfciPatientXUITests */ = {
			isa = PBXNativeTarget;
			buildConfigurationList = CE2FB18326EFA7B20040095B /* Build configuration list for PBXNativeTarget "hfciPatientXUITests" */;
			buildPhases = (
				45EDE7A1B579C4C177803068 /* [CP] Check Pods Manifest.lock */,
				CE2FB17026EFA7B20040095B /* Sources */,
				CE2FB17126EFA7B20040095B /* Frameworks */,
				CE2FB17226EFA7B20040095B /* Resources */,
				EDCDE4CD74788DC92A25B286 /* [CP] Embed Pods Frameworks */,
			);
			buildRules = (
			);
			dependencies = (
				CE2FB17626EFA7B20040095B /* PBXTargetDependency */,
			);
			name = hfciPatientXUITests;
			productName = hfciPatientXUITests;
			productReference = CE2FB17426EFA7B20040095B /* hfciPatientXUITests.xctest */;
			productType = "com.apple.product-type.bundle.ui-testing";
		};
/* End PBXNativeTarget section */

/* Begin PBXProject section */
		CE2FB14B26EFA7AE0040095B /* Project object */ = {
			isa = PBXProject;
			attributes = {
				LastSwiftUpdateCheck = 1250;
				LastUpgradeCheck = 1250;
				TargetAttributes = {
					CE2FB15226EFA7AE0040095B = {
						CreatedOnToolsVersion = 12.5.1;
					};
					CE2FB16826EFA7B20040095B = {
						CreatedOnToolsVersion = 12.5.1;
						TestTargetID = CE2FB15226EFA7AE0040095B;
					};
					CE2FB17326EFA7B20040095B = {
						CreatedOnToolsVersion = 12.5.1;
						TestTargetID = CE2FB15226EFA7AE0040095B;
					};
				};
			};
			buildConfigurationList = CE2FB14E26EFA7AE0040095B /* Build configuration list for PBXProject "hfciPatientX" */;
			compatibilityVersion = "Xcode 9.3";
			developmentRegion = en;
			hasScannedForEncodings = 0;
			knownRegions = (
				en,
				Base,
			);
			mainGroup = CE2FB14A26EFA7AE0040095B;
			productRefGroup = CE2FB15426EFA7AE0040095B /* Products */;
			projectDirPath = "";
			projectRoot = "";
			targets = (
				CE2FB15226EFA7AE0040095B /* hfciPatientX */,
				CE2FB16826EFA7B20040095B /* hfciPatientXTests */,
				CE2FB17326EFA7B20040095B /* hfciPatientXUITests */,
			);
		};
/* End PBXProject section */

/* Begin PBXResourcesBuildPhase section */
		CE2FB15126EFA7AE0040095B /* Resources */ = {
			isa = PBXResourcesBuildPhase;
			buildActionMask = 2147483647;
			files = (
				CE2FB1A726F24DA90040095B /* Poppins-ExtraLightItalic.ttf in Resources */,
				CE2FB1AD26F24DA90040095B /* Poppins-Bold.ttf in Resources */,
				CE2FB16326EFA7B20040095B /* LaunchScreen.storyboard in Resources */,
				CE2FB1A826F24DA90040095B /* Poppins-MediumItalic.ttf in Resources */,
				CE2FB1A026F24DA90040095B /* Poppins-ExtraBold.ttf in Resources */,
				CE2FB19F26F24DA90040095B /* Poppins-SemiBoldItalic.ttf in Resources */,
				CE2FB1AC26F24DA90040095B /* Poppins-ThinItalic.ttf in Resources */,
				CE2FB1A126F24DA90040095B /* Poppins-Regular.ttf in Resources */,
				CE2FB1A526F24DA90040095B /* Poppins-Black.ttf in Resources */,
				CE2FB16026EFA7B20040095B /* Assets.xcassets in Resources */,
				CE2FB1AB26F24DA90040095B /* Poppins-ExtraBoldItalic.ttf in Resources */,
				CE2FB1AF26F24DA90040095B /* Poppins-Light.ttf in Resources */,
				CE2FB1A326F24DA90040095B /* Poppins-Medium.ttf in Resources */,
				CE2FB1AA26F24DA90040095B /* Poppins-Thin.ttf in Resources */,
				CE2FB1A926F24DA90040095B /* Poppins-BoldItalic.ttf in Resources */,
				CE2FB1B026F24DA90040095B /* Poppins-SemiBold.ttf in Resources */,
				CE2FB1A626F24DA90040095B /* Poppins-Italic.ttf in Resources */,
				CE2FB15E26EFA7AE0040095B /* Main.storyboard in Resources */,
				CE2FB1AE26F24DA90040095B /* Poppins-BlackItalic.ttf in Resources */,
				CE2FB1A426F24DA90040095B /* Poppins-LightItalic.ttf in Resources */,
				CE2FB1A226F24DA90040095B /* Poppins-ExtraLight.ttf in Resources */,
			);
			runOnlyForDeploymentPostprocessing = 0;
		};
		CE2FB16726EFA7B20040095B /* Resources */ = {
			isa = PBXResourcesBuildPhase;
			buildActionMask = 2147483647;
			files = (
			);
			runOnlyForDeploymentPostprocessing = 0;
		};
		CE2FB17226EFA7B20040095B /* Resources */ = {
			isa = PBXResourcesBuildPhase;
			buildActionMask = 2147483647;
			files = (
			);
			runOnlyForDeploymentPostprocessing = 0;
		};
/* End PBXResourcesBuildPhase section */

/* Begin PBXShellScriptBuildPhase section */
		1695D90F4D33E9F41E62E775 /* [CP] Check Pods Manifest.lock */ = {
			isa = PBXShellScriptBuildPhase;
			buildActionMask = 2147483647;
			files = (
			);
			inputFileListPaths = (
			);
			inputPaths = (
				"${PODS_PODFILE_DIR_PATH}/Podfile.lock",
				"${PODS_ROOT}/Manifest.lock",
			);
			name = "[CP] Check Pods Manifest.lock";
			outputFileListPaths = (
			);
			outputPaths = (
				"$(DERIVED_FILE_DIR)/Pods-hfciPatientXTests-checkManifestLockResult.txt",
			);
			runOnlyForDeploymentPostprocessing = 0;
			shellPath = /bin/sh;
			shellScript = "diff \"${PODS_PODFILE_DIR_PATH}/Podfile.lock\" \"${PODS_ROOT}/Manifest.lock\" > /dev/null\nif [ $? != 0 ] ; then\n    # print error to STDERR\n    echo \"error: The sandbox is not in sync with the Podfile.lock. Run 'pod install' or update your CocoaPods installation.\" >&2\n    exit 1\nfi\n# This output is used by Xcode 'outputs' to avoid re-running this script phase.\necho \"SUCCESS\" > \"${SCRIPT_OUTPUT_FILE_0}\"\n";
			showEnvVarsInLog = 0;
		};
		22E285639148195C19A2508D /* [CP] Check Pods Manifest.lock */ = {
			isa = PBXShellScriptBuildPhase;
			buildActionMask = 2147483647;
			files = (
			);
			inputFileListPaths = (
			);
			inputPaths = (
				"${PODS_PODFILE_DIR_PATH}/Podfile.lock",
				"${PODS_ROOT}/Manifest.lock",
			);
			name = "[CP] Check Pods Manifest.lock";
			outputFileListPaths = (
			);
			outputPaths = (
				"$(DERIVED_FILE_DIR)/Pods-hfciPatientX-checkManifestLockResult.txt",
			);
			runOnlyForDeploymentPostprocessing = 0;
			shellPath = /bin/sh;
			shellScript = "diff \"${PODS_PODFILE_DIR_PATH}/Podfile.lock\" \"${PODS_ROOT}/Manifest.lock\" > /dev/null\nif [ $? != 0 ] ; then\n    # print error to STDERR\n    echo \"error: The sandbox is not in sync with the Podfile.lock. Run 'pod install' or update your CocoaPods installation.\" >&2\n    exit 1\nfi\n# This output is used by Xcode 'outputs' to avoid re-running this script phase.\necho \"SUCCESS\" > \"${SCRIPT_OUTPUT_FILE_0}\"\n";
			showEnvVarsInLog = 0;
		};
		45EDE7A1B579C4C177803068 /* [CP] Check Pods Manifest.lock */ = {
			isa = PBXShellScriptBuildPhase;
			buildActionMask = 2147483647;
			files = (
			);
			inputFileListPaths = (
			);
			inputPaths = (
				"${PODS_PODFILE_DIR_PATH}/Podfile.lock",
				"${PODS_ROOT}/Manifest.lock",
			);
			name = "[CP] Check Pods Manifest.lock";
			outputFileListPaths = (
			);
			outputPaths = (
				"$(DERIVED_FILE_DIR)/Pods-hfciPatientX-hfciPatientXUITests-checkManifestLockResult.txt",
			);
			runOnlyForDeploymentPostprocessing = 0;
			shellPath = /bin/sh;
			shellScript = "diff \"${PODS_PODFILE_DIR_PATH}/Podfile.lock\" \"${PODS_ROOT}/Manifest.lock\" > /dev/null\nif [ $? != 0 ] ; then\n    # print error to STDERR\n    echo \"error: The sandbox is not in sync with the Podfile.lock. Run 'pod install' or update your CocoaPods installation.\" >&2\n    exit 1\nfi\n# This output is used by Xcode 'outputs' to avoid re-running this script phase.\necho \"SUCCESS\" > \"${SCRIPT_OUTPUT_FILE_0}\"\n";
			showEnvVarsInLog = 0;
		};
		EDCDE4CD74788DC92A25B286 /* [CP] Embed Pods Frameworks */ = {
			isa = PBXShellScriptBuildPhase;
			buildActionMask = 2147483647;
			files = (
			);
			inputFileListPaths = (
				"${PODS_ROOT}/Target Support Files/Pods-hfciPatientX-hfciPatientXUITests/Pods-hfciPatientX-hfciPatientXUITests-frameworks-${CONFIGURATION}-input-files.xcfilelist",
			);
			name = "[CP] Embed Pods Frameworks";
			outputFileListPaths = (
				"${PODS_ROOT}/Target Support Files/Pods-hfciPatientX-hfciPatientXUITests/Pods-hfciPatientX-hfciPatientXUITests-frameworks-${CONFIGURATION}-output-files.xcfilelist",
			);
			runOnlyForDeploymentPostprocessing = 0;
			shellPath = /bin/sh;
			shellScript = "\"${PODS_ROOT}/Target Support Files/Pods-hfciPatientX-hfciPatientXUITests/Pods-hfciPatientX-hfciPatientXUITests-frameworks.sh\"\n";
			showEnvVarsInLog = 0;
		};
		FC169E0D428D5C428335E44E /* [CP] Embed Pods Frameworks */ = {
			isa = PBXShellScriptBuildPhase;
			buildActionMask = 2147483647;
			files = (
			);
			inputFileListPaths = (
				"${PODS_ROOT}/Target Support Files/Pods-hfciPatientX/Pods-hfciPatientX-frameworks-${CONFIGURATION}-input-files.xcfilelist",
			);
			name = "[CP] Embed Pods Frameworks";
			outputFileListPaths = (
				"${PODS_ROOT}/Target Support Files/Pods-hfciPatientX/Pods-hfciPatientX-frameworks-${CONFIGURATION}-output-files.xcfilelist",
			);
			runOnlyForDeploymentPostprocessing = 0;
			shellPath = /bin/sh;
			shellScript = "\"${PODS_ROOT}/Target Support Files/Pods-hfciPatientX/Pods-hfciPatientX-frameworks.sh\"\n";
			showEnvVarsInLog = 0;
		};
/* End PBXShellScriptBuildPhase section */

/* Begin PBXSourcesBuildPhase section */
		CE2FB14F26EFA7AE0040095B /* Sources */ = {
			isa = PBXSourcesBuildPhase;
			buildActionMask = 2147483647;
			files = (
				CE2FB1B626F252F60040095B /* LoginViewController.swift in Sources */,
				CE2FB1B826F2548D0040095B /* MenuViewController.swift in Sources */,
				CE2FB1BA26F258620040095B /* RoundedView.swift in Sources */,
				CE2FB15B26EFA7AE0040095B /* ViewController.swift in Sources */,
				CE2FB15726EFA7AE0040095B /* AppDelegate.swift in Sources */,
				CE2FB15926EFA7AE0040095B /* SceneDelegate.swift in Sources */,
			);
			runOnlyForDeploymentPostprocessing = 0;
		};
		CE2FB16526EFA7B20040095B /* Sources */ = {
			isa = PBXSourcesBuildPhase;
			buildActionMask = 2147483647;
			files = (
				CE2FB16E26EFA7B20040095B /* hfciPatientXTests.swift in Sources */,
			);
			runOnlyForDeploymentPostprocessing = 0;
		};
		CE2FB17026EFA7B20040095B /* Sources */ = {
			isa = PBXSourcesBuildPhase;
			buildActionMask = 2147483647;
			files = (
				CE2FB17926EFA7B20040095B /* hfciPatientXUITests.swift in Sources */,
			);
			runOnlyForDeploymentPostprocessing = 0;
		};
/* End PBXSourcesBuildPhase section */

/* Begin PBXTargetDependency section */
		CE2FB16B26EFA7B20040095B /* PBXTargetDependency */ = {
			isa = PBXTargetDependency;
			target = CE2FB15226EFA7AE0040095B /* hfciPatientX */;
			targetProxy = CE2FB16A26EFA7B20040095B /* PBXContainerItemProxy */;
		};
		CE2FB17626EFA7B20040095B /* PBXTargetDependency */ = {
			isa = PBXTargetDependency;
			target = CE2FB15226EFA7AE0040095B /* hfciPatientX */;
			targetProxy = CE2FB17526EFA7B20040095B /* PBXContainerItemProxy */;
		};
/* End PBXTargetDependency section */

/* Begin PBXVariantGroup section */
		CE2FB15C26EFA7AE0040095B /* Main.storyboard */ = {
			isa = PBXVariantGroup;
			children = (
				CE2FB15D26EFA7AE0040095B /* Base */,
			);
			name = Main.storyboard;
			sourceTree = "<group>";
		};
		CE2FB16126EFA7B20040095B /* LaunchScreen.storyboard */ = {
			isa = PBXVariantGroup;
			children = (
				CE2FB16226EFA7B20040095B /* Base */,
			);
			name = LaunchScreen.storyboard;
			sourceTree = "<group>";
		};
/* End PBXVariantGroup section */

/* Begin XCBuildConfiguration section */
		CE2FB17B26EFA7B20040095B /* Debug */ = {
			isa = XCBuildConfiguration;
			buildSettings = {
				ALWAYS_SEARCH_USER_PATHS = NO;
				CLANG_ANALYZER_NONNULL = YES;
				CLANG_ANALYZER_NUMBER_OBJECT_CONVERSION = YES_AGGRESSIVE;
				CLANG_CXX_LANGUAGE_STANDARD = "gnu++14";
				CLANG_CXX_LIBRARY = "libc++";
				CLANG_ENABLE_MODULES = YES;
				CLANG_ENABLE_OBJC_ARC = YES;
				CLANG_ENABLE_OBJC_WEAK = YES;
				CLANG_WARN_BLOCK_CAPTURE_AUTORELEASING = YES;
				CLANG_WARN_BOOL_CONVERSION = YES;
				CLANG_WARN_COMMA = YES;
				CLANG_WARN_CONSTANT_CONVERSION = YES;
				CLANG_WARN_DEPRECATED_OBJC_IMPLEMENTATIONS = YES;
				CLANG_WARN_DIRECT_OBJC_ISA_USAGE = YES_ERROR;
				CLANG_WARN_DOCUMENTATION_COMMENTS = YES;
				CLANG_WARN_EMPTY_BODY = YES;
				CLANG_WARN_ENUM_CONVERSION = YES;
				CLANG_WARN_INFINITE_RECURSION = YES;
				CLANG_WARN_INT_CONVERSION = YES;
				CLANG_WARN_NON_LITERAL_NULL_CONVERSION = YES;
				CLANG_WARN_OBJC_IMPLICIT_RETAIN_SELF = YES;
				CLANG_WARN_OBJC_LITERAL_CONVERSION = YES;
				CLANG_WARN_OBJC_ROOT_CLASS = YES_ERROR;
				CLANG_WARN_QUOTED_INCLUDE_IN_FRAMEWORK_HEADER = YES;
				CLANG_WARN_RANGE_LOOP_ANALYSIS = YES;
				CLANG_WARN_STRICT_PROTOTYPES = YES;
				CLANG_WARN_SUSPICIOUS_MOVE = YES;
				CLANG_WARN_UNGUARDED_AVAILABILITY = YES_AGGRESSIVE;
				CLANG_WARN_UNREACHABLE_CODE = YES;
				CLANG_WARN__DUPLICATE_METHOD_MATCH = YES;
				COPY_PHASE_STRIP = NO;
				DEBUG_INFORMATION_FORMAT = dwarf;
				ENABLE_STRICT_OBJC_MSGSEND = YES;
				ENABLE_TESTABILITY = YES;
				GCC_C_LANGUAGE_STANDARD = gnu11;
				GCC_DYNAMIC_NO_PIC = NO;
				GCC_NO_COMMON_BLOCKS = YES;
				GCC_OPTIMIZATION_LEVEL = 0;
				GCC_PREPROCESSOR_DEFINITIONS = (
					"DEBUG=1",
					"$(inherited)",
				);
				GCC_WARN_64_TO_32_BIT_CONVERSION = YES;
				GCC_WARN_ABOUT_RETURN_TYPE = YES_ERROR;
				GCC_WARN_UNDECLARED_SELECTOR = YES;
				GCC_WARN_UNINITIALIZED_AUTOS = YES_AGGRESSIVE;
				GCC_WARN_UNUSED_FUNCTION = YES;
				GCC_WARN_UNUSED_VARIABLE = YES;
				IPHONEOS_DEPLOYMENT_TARGET = 14.5;
				MTL_ENABLE_DEBUG_INFO = INCLUDE_SOURCE;
				MTL_FAST_MATH = YES;
				ONLY_ACTIVE_ARCH = YES;
				SDKROOT = iphoneos;
				SWIFT_ACTIVE_COMPILATION_CONDITIONS = DEBUG;
				SWIFT_OPTIMIZATION_LEVEL = "-Onone";
			};
			name = Debug;
		};
		CE2FB17C26EFA7B20040095B /* Release */ = {
			isa = XCBuildConfiguration;
			buildSettings = {
				ALWAYS_SEARCH_USER_PATHS = NO;
				CLANG_ANALYZER_NONNULL = YES;
				CLANG_ANALYZER_NUMBER_OBJECT_CONVERSION = YES_AGGRESSIVE;
				CLANG_CXX_LANGUAGE_STANDARD = "gnu++14";
				CLANG_CXX_LIBRARY = "libc++";
				CLANG_ENABLE_MODULES = YES;
				CLANG_ENABLE_OBJC_ARC = YES;
				CLANG_ENABLE_OBJC_WEAK = YES;
				CLANG_WARN_BLOCK_CAPTURE_AUTORELEASING = YES;
				CLANG_WARN_BOOL_CONVERSION = YES;
				CLANG_WARN_COMMA = YES;
				CLANG_WARN_CONSTANT_CONVERSION = YES;
				CLANG_WARN_DEPRECATED_OBJC_IMPLEMENTATIONS = YES;
				CLANG_WARN_DIRECT_OBJC_ISA_USAGE = YES_ERROR;
				CLANG_WARN_DOCUMENTATION_COMMENTS = YES;
				CLANG_WARN_EMPTY_BODY = YES;
				CLANG_WARN_ENUM_CONVERSION = YES;
				CLANG_WARN_INFINITE_RECURSION = YES;
				CLANG_WARN_INT_CONVERSION = YES;
				CLANG_WARN_NON_LITERAL_NULL_CONVERSION = YES;
				CLANG_WARN_OBJC_IMPLICIT_RETAIN_SELF = YES;
				CLANG_WARN_OBJC_LITERAL_CONVERSION = YES;
				CLANG_WARN_OBJC_ROOT_CLASS = YES_ERROR;
				CLANG_WARN_QUOTED_INCLUDE_IN_FRAMEWORK_HEADER = YES;
				CLANG_WARN_RANGE_LOOP_ANALYSIS = YES;
				CLANG_WARN_STRICT_PROTOTYPES = YES;
				CLANG_WARN_SUSPICIOUS_MOVE = YES;
				CLANG_WARN_UNGUARDED_AVAILABILITY = YES_AGGRESSIVE;
				CLANG_WARN_UNREACHABLE_CODE = YES;
				CLANG_WARN__DUPLICATE_METHOD_MATCH = YES;
				COPY_PHASE_STRIP = NO;
				DEBUG_INFORMATION_FORMAT = "dwarf-with-dsym";
				ENABLE_NS_ASSERTIONS = NO;
				ENABLE_STRICT_OBJC_MSGSEND = YES;
				GCC_C_LANGUAGE_STANDARD = gnu11;
				GCC_NO_COMMON_BLOCKS = YES;
				GCC_WARN_64_TO_32_BIT_CONVERSION = YES;
				GCC_WARN_ABOUT_RETURN_TYPE = YES_ERROR;
				GCC_WARN_UNDECLARED_SELECTOR = YES;
				GCC_WARN_UNINITIALIZED_AUTOS = YES_AGGRESSIVE;
				GCC_WARN_UNUSED_FUNCTION = YES;
				GCC_WARN_UNUSED_VARIABLE = YES;
				IPHONEOS_DEPLOYMENT_TARGET = 14.5;
				MTL_ENABLE_DEBUG_INFO = NO;
				MTL_FAST_MATH = YES;
				SDKROOT = iphoneos;
				SWIFT_COMPILATION_MODE = wholemodule;
				SWIFT_OPTIMIZATION_LEVEL = "-O";
				VALIDATE_PRODUCT = YES;
			};
			name = Release;
		};
		CE2FB17E26EFA7B20040095B /* Debug */ = {
			isa = XCBuildConfiguration;
			baseConfigurationReference = AA187D40183931DE99B266FC /* Pods-hfciPatientX.debug.xcconfig */;
			buildSettings = {
				ASSETCATALOG_COMPILER_APPICON_NAME = AppIcon;
				ASSETCATALOG_COMPILER_GLOBAL_ACCENT_COLOR_NAME = AccentColor;
				CODE_SIGN_STYLE = Automatic;
				DEVELOPMENT_TEAM = 9WDAW374KU;
				INFOPLIST_FILE = hfciPatientX/Info.plist;
				LD_RUNPATH_SEARCH_PATHS = (
					"$(inherited)",
					"@executable_path/Frameworks",
				);
				PRODUCT_BUNDLE_IDENTIFIER = com.navvsystems.hfciPatientX;
				PRODUCT_NAME = "$(TARGET_NAME)";
				SWIFT_VERSION = 5.0;
				TARGETED_DEVICE_FAMILY = 2;
			};
			name = Debug;
		};
		CE2FB17F26EFA7B20040095B /* Release */ = {
			isa = XCBuildConfiguration;
			baseConfigurationReference = EFC1DCFFE6026E2E990215A1 /* Pods-hfciPatientX.release.xcconfig */;
			buildSettings = {
				ASSETCATALOG_COMPILER_APPICON_NAME = AppIcon;
				ASSETCATALOG_COMPILER_GLOBAL_ACCENT_COLOR_NAME = AccentColor;
				CODE_SIGN_STYLE = Automatic;
				DEVELOPMENT_TEAM = 9WDAW374KU;
				INFOPLIST_FILE = hfciPatientX/Info.plist;
				LD_RUNPATH_SEARCH_PATHS = (
					"$(inherited)",
					"@executable_path/Frameworks",
				);
				PRODUCT_BUNDLE_IDENTIFIER = com.navvsystems.hfciPatientX;
				PRODUCT_NAME = "$(TARGET_NAME)";
				SWIFT_VERSION = 5.0;
				TARGETED_DEVICE_FAMILY = 2;
			};
			name = Release;
		};
		CE2FB18126EFA7B20040095B /* Debug */ = {
			isa = XCBuildConfiguration;
			baseConfigurationReference = 0A961E7E4B54CB1E9D1D2567 /* Pods-hfciPatientXTests.debug.xcconfig */;
			buildSettings = {
				ALWAYS_EMBED_SWIFT_STANDARD_LIBRARIES = YES;
				BUNDLE_LOADER = "$(TEST_HOST)";
				CODE_SIGN_STYLE = Automatic;
				DEVELOPMENT_TEAM = 9WDAW374KU;
				INFOPLIST_FILE = hfciPatientXTests/Info.plist;
				IPHONEOS_DEPLOYMENT_TARGET = 14.5;
				LD_RUNPATH_SEARCH_PATHS = (
					"$(inherited)",
					"@executable_path/Frameworks",
					"@loader_path/Frameworks",
				);
				PRODUCT_BUNDLE_IDENTIFIER = com.navvsystems.hfciPatientXTests;
				PRODUCT_NAME = "$(TARGET_NAME)";
				SWIFT_VERSION = 5.0;
				TARGETED_DEVICE_FAMILY = "1,2";
				TEST_HOST = "$(BUILT_PRODUCTS_DIR)/hfciPatientX.app/hfciPatientX";
			};
			name = Debug;
		};
		CE2FB18226EFA7B20040095B /* Release */ = {
			isa = XCBuildConfiguration;
			baseConfigurationReference = 55C0DA1803196C6394E53FC4 /* Pods-hfciPatientXTests.release.xcconfig */;
			buildSettings = {
				ALWAYS_EMBED_SWIFT_STANDARD_LIBRARIES = YES;
				BUNDLE_LOADER = "$(TEST_HOST)";
				CODE_SIGN_STYLE = Automatic;
				DEVELOPMENT_TEAM = 9WDAW374KU;
				INFOPLIST_FILE = hfciPatientXTests/Info.plist;
				IPHONEOS_DEPLOYMENT_TARGET = 14.5;
				LD_RUNPATH_SEARCH_PATHS = (
					"$(inherited)",
					"@executable_path/Frameworks",
					"@loader_path/Frameworks",
				);
				PRODUCT_BUNDLE_IDENTIFIER = com.navvsystems.hfciPatientXTests;
				PRODUCT_NAME = "$(TARGET_NAME)";
				SWIFT_VERSION = 5.0;
				TARGETED_DEVICE_FAMILY = "1,2";
				TEST_HOST = "$(BUILT_PRODUCTS_DIR)/hfciPatientX.app/hfciPatientX";
			};
			name = Release;
		};
		CE2FB18426EFA7B20040095B /* Debug */ = {
			isa = XCBuildConfiguration;
			baseConfigurationReference = F108EE1C09CB045E893990BB /* Pods-hfciPatientX-hfciPatientXUITests.debug.xcconfig */;
			buildSettings = {
				ALWAYS_EMBED_SWIFT_STANDARD_LIBRARIES = YES;
				CODE_SIGN_STYLE = Automatic;
				DEVELOPMENT_TEAM = 9WDAW374KU;
				INFOPLIST_FILE = hfciPatientXUITests/Info.plist;
				LD_RUNPATH_SEARCH_PATHS = (
					"$(inherited)",
					"@executable_path/Frameworks",
					"@loader_path/Frameworks",
				);
				PRODUCT_BUNDLE_IDENTIFIER = com.navvsystems.hfciPatientXUITests;
				PRODUCT_NAME = "$(TARGET_NAME)";
				SWIFT_VERSION = 5.0;
				TARGETED_DEVICE_FAMILY = "1,2";
				TEST_TARGET_NAME = hfciPatientX;
			};
			name = Debug;
		};
		CE2FB18526EFA7B20040095B /* Release */ = {
			isa = XCBuildConfiguration;
			baseConfigurationReference = EF58875B3F3ABB5AF092EC59 /* Pods-hfciPatientX-hfciPatientXUITests.release.xcconfig */;
			buildSettings = {
				ALWAYS_EMBED_SWIFT_STANDARD_LIBRARIES = YES;
				CODE_SIGN_STYLE = Automatic;
				DEVELOPMENT_TEAM = 9WDAW374KU;
				INFOPLIST_FILE = hfciPatientXUITests/Info.plist;
				LD_RUNPATH_SEARCH_PATHS = (
					"$(inherited)",
					"@executable_path/Frameworks",
					"@loader_path/Frameworks",
				);
				PRODUCT_BUNDLE_IDENTIFIER = com.navvsystems.hfciPatientXUITests;
				PRODUCT_NAME = "$(TARGET_NAME)";
				SWIFT_VERSION = 5.0;
				TARGETED_DEVICE_FAMILY = "1,2";
				TEST_TARGET_NAME = hfciPatientX;
			};
			name = Release;
		};
/* End XCBuildConfiguration section */

/* Begin XCConfigurationList section */
		CE2FB14E26EFA7AE0040095B /* Build configuration list for PBXProject "hfciPatientX" */ = {
			isa = XCConfigurationList;
			buildConfigurations = (
				CE2FB17B26EFA7B20040095B /* Debug */,
				CE2FB17C26EFA7B20040095B /* Release */,
			);
			defaultConfigurationIsVisible = 0;
			defaultConfigurationName = Release;
		};
		CE2FB17D26EFA7B20040095B /* Build configuration list for PBXNativeTarget "hfciPatientX" */ = {
			isa = XCConfigurationList;
			buildConfigurations = (
				CE2FB17E26EFA7B20040095B /* Debug */,
				CE2FB17F26EFA7B20040095B /* Release */,
			);
			defaultConfigurationIsVisible = 0;
			defaultConfigurationName = Release;
		};
		CE2FB18026EFA7B20040095B /* Build configuration list for PBXNativeTarget "hfciPatientXTests" */ = {
			isa = XCConfigurationList;
			buildConfigurations = (
				CE2FB18126EFA7B20040095B /* Debug */,
				CE2FB18226EFA7B20040095B /* Release */,
			);
			defaultConfigurationIsVisible = 0;
			defaultConfigurationName = Release;
		};
		CE2FB18326EFA7B20040095B /* Build configuration list for PBXNativeTarget "hfciPatientXUITests" */ = {
			isa = XCConfigurationList;
			buildConfigurations = (
				CE2FB18426EFA7B20040095B /* Debug */,
				CE2FB18526EFA7B20040095B /* Release */,
			);
			defaultConfigurationIsVisible = 0;
			defaultConfigurationName = Release;
		};
/* End XCConfigurationList section */
	};
	rootObject = CE2FB14B26EFA7AE0040095B /* Project object */;
}
